// !$*UTF8*$!
{
	archiveVersion = 1;
	classes = {
	};
	objectVersion = 50;
	objects = {

/* Begin PBXBuildFile section */
		BECE5E562237CB7600A82B0D /* Pipelines.framework in Frameworks */ = {isa = PBXBuildFile; fileRef = BECE5E4C2237CB7600A82B0D /* Pipelines.framework */; };
		BECE5E5B2237CB7600A82B0D /* PipelinesTests.swift in Sources */ = {isa = PBXBuildFile; fileRef = BECE5E5A2237CB7600A82B0D /* PipelinesTests.swift */; };
		BECE5E672237CCEB00A82B0D /* Command.swift in Sources */ = {isa = PBXBuildFile; fileRef = BECE5E662237CCEB00A82B0D /* Command.swift */; };
		BECE5E692237CD1200A82B0D /* Pipeline.swift in Sources */ = {isa = PBXBuildFile; fileRef = BECE5E682237CD1200A82B0D /* Pipeline.swift */; };
		BED9C2D8223877F4002E401B /* ReactiveSwift.framework in Frameworks */ = {isa = PBXBuildFile; fileRef = BED9C2D7223877F4002E401B /* ReactiveSwift.framework */; };
		BED9C2DA223877F4002E401B /* Result.framework in Frameworks */ = {isa = PBXBuildFile; fileRef = BED9C2D9223877F4002E401B /* Result.framework */; };
/* End PBXBuildFile section */

/* Begin PBXContainerItemProxy section */
		BECE5E572237CB7600A82B0D /* PBXContainerItemProxy */ = {
			isa = PBXContainerItemProxy;
			containerPortal = BECE5E432237CB7600A82B0D /* Project object */;
			proxyType = 1;
			remoteGlobalIDString = BECE5E4B2237CB7600A82B0D;
			remoteInfo = Pipelines;
		};
/* End PBXContainerItemProxy section */

/* Begin PBXFileReference section */
		BECE5E4C2237CB7600A82B0D /* Pipelines.framework */ = {isa = PBXFileReference; explicitFileType = wrapper.framework; includeInIndex = 0; path = Pipelines.framework; sourceTree = BUILT_PRODUCTS_DIR; };
		BECE5E502237CB7600A82B0D /* Info.plist */ = {isa = PBXFileReference; lastKnownFileType = text.plist.xml; path = Info.plist; sourceTree = "<group>"; };
		BECE5E552237CB7600A82B0D /* PipelinesTests.xctest */ = {isa = PBXFileReference; explicitFileType = wrapper.cfbundle; includeInIndex = 0; path = PipelinesTests.xctest; sourceTree = BUILT_PRODUCTS_DIR; };
		BECE5E5A2237CB7600A82B0D /* PipelinesTests.swift */ = {isa = PBXFileReference; lastKnownFileType = sourcecode.swift; path = PipelinesTests.swift; sourceTree = "<group>"; };
		BECE5E5C2237CB7600A82B0D /* Info.plist */ = {isa = PBXFileReference; lastKnownFileType = text.plist.xml; path = Info.plist; sourceTree = "<group>"; };
		BECE5E662237CCEB00A82B0D /* Command.swift */ = {isa = PBXFileReference; lastKnownFileType = sourcecode.swift; path = Command.swift; sourceTree = "<group>"; };
		BECE5E682237CD1200A82B0D /* Pipeline.swift */ = {isa = PBXFileReference; lastKnownFileType = sourcecode.swift; path = Pipeline.swift; sourceTree = "<group>"; };
		BED9C2D7223877F4002E401B /* ReactiveSwift.framework */ = {isa = PBXFileReference; explicitFileType = wrapper.framework; path = ReactiveSwift.framework; sourceTree = BUILT_PRODUCTS_DIR; };
		BED9C2D9223877F4002E401B /* Result.framework */ = {isa = PBXFileReference; explicitFileType = wrapper.framework; path = Result.framework; sourceTree = BUILT_PRODUCTS_DIR; };
/* End PBXFileReference section */

/* Begin PBXFrameworksBuildPhase section */
		BECE5E492237CB7600A82B0D /* Frameworks */ = {
			isa = PBXFrameworksBuildPhase;
			buildActionMask = 2147483647;
			files = (
				BED9C2D8223877F4002E401B /* ReactiveSwift.framework in Frameworks */,
				BED9C2DA223877F4002E401B /* Result.framework in Frameworks */,
			);
			runOnlyForDeploymentPostprocessing = 0;
		};
		BECE5E522237CB7600A82B0D /* Frameworks */ = {
			isa = PBXFrameworksBuildPhase;
			buildActionMask = 2147483647;
			files = (
				BECE5E562237CB7600A82B0D /* Pipelines.framework in Frameworks */,
			);
			runOnlyForDeploymentPostprocessing = 0;
		};
/* End PBXFrameworksBuildPhase section */

/* Begin PBXGroup section */
		BECE5E422237CB7600A82B0D = {
			isa = PBXGroup;
			children = (
				BECE5E4E2237CB7600A82B0D /* Source */,
				BECE5E592237CB7600A82B0D /* Tests */,
				BECE5E4D2237CB7600A82B0D /* Products */,
				BED9C2D6223877F4002E401B /* Frameworks */,
			);
			sourceTree = "<group>";
		};
		BECE5E4D2237CB7600A82B0D /* Products */ = {
			isa = PBXGroup;
			children = (
				BECE5E4C2237CB7600A82B0D /* Pipelines.framework */,
				BECE5E552237CB7600A82B0D /* PipelinesTests.xctest */,
			);
			name = Products;
			sourceTree = "<group>";
		};
		BECE5E4E2237CB7600A82B0D /* Source */ = {
			isa = PBXGroup;
			children = (
				BECE5E662237CCEB00A82B0D /* Command.swift */,
				BECE5E502237CB7600A82B0D /* Info.plist */,
				BECE5E682237CD1200A82B0D /* Pipeline.swift */,
			);
			path = Source;
			sourceTree = "<group>";
		};
		BECE5E592237CB7600A82B0D /* Tests */ = {
			isa = PBXGroup;
			children = (
				BECE5E5C2237CB7600A82B0D /* Info.plist */,
				BECE5E5A2237CB7600A82B0D /* PipelinesTests.swift */,
			);
			path = Tests;
			sourceTree = "<group>";
		};
		BED9C2D6223877F4002E401B /* Frameworks */ = {
			isa = PBXGroup;
			children = (
				BED9C2D7223877F4002E401B /* ReactiveSwift.framework */,
				BED9C2D9223877F4002E401B /* Result.framework */,
			);
			name = Frameworks;
			sourceTree = "<group>";
		};
/* End PBXGroup section */

/* Begin PBXHeadersBuildPhase section */
		BECE5E472237CB7600A82B0D /* Headers */ = {
			isa = PBXHeadersBuildPhase;
			buildActionMask = 2147483647;
			files = (
			);
			runOnlyForDeploymentPostprocessing = 0;
		};
/* End PBXHeadersBuildPhase section */

/* Begin PBXNativeTarget section */
		BECE5E4B2237CB7600A82B0D /* Pipelines */ = {
			isa = PBXNativeTarget;
			buildConfigurationList = BECE5E602237CB7600A82B0D /* Build configuration list for PBXNativeTarget "Pipelines" */;
			buildPhases = (
				BECE5E472237CB7600A82B0D /* Headers */,
				BECE5E482237CB7600A82B0D /* Sources */,
				BECE5E492237CB7600A82B0D /* Frameworks */,
				BECE5E4A2237CB7600A82B0D /* Resources */,
			);
			buildRules = (
			);
			dependencies = (
			);
			name = Pipelines;
			productName = Pipelines;
			productReference = BECE5E4C2237CB7600A82B0D /* Pipelines.framework */;
			productType = "com.apple.product-type.framework";
		};
		BECE5E542237CB7600A82B0D /* PipelinesTests */ = {
			isa = PBXNativeTarget;
			buildConfigurationList = BECE5E632237CB7600A82B0D /* Build configuration list for PBXNativeTarget "PipelinesTests" */;
			buildPhases = (
				BECE5E512237CB7600A82B0D /* Sources */,
				BECE5E522237CB7600A82B0D /* Frameworks */,
				BECE5E532237CB7600A82B0D /* Resources */,
			);
			buildRules = (
			);
			dependencies = (
				BECE5E582237CB7600A82B0D /* PBXTargetDependency */,
			);
			name = PipelinesTests;
			productName = PipelinesTests;
			productReference = BECE5E552237CB7600A82B0D /* PipelinesTests.xctest */;
			productType = "com.apple.product-type.bundle.unit-test";
		};
/* End PBXNativeTarget section */

/* Begin PBXProject section */
		BECE5E432237CB7600A82B0D /* Project object */ = {
			isa = PBXProject;
			attributes = {
				LastSwiftUpdateCheck = 1020;
				LastUpgradeCheck = 1020;
				ORGANIZATIONNAME = "Matt Diephouse";
				TargetAttributes = {
					BECE5E4B2237CB7600A82B0D = {
						CreatedOnToolsVersion = 10.2;
						LastSwiftMigration = 1020;
					};
					BECE5E542237CB7600A82B0D = {
						CreatedOnToolsVersion = 10.2;
					};
				};
			};
			buildConfigurationList = BECE5E462237CB7600A82B0D /* Build configuration list for PBXProject "Pipelines" */;
			compatibilityVersion = "Xcode 9.3";
			developmentRegion = en;
			hasScannedForEncodings = 0;
			knownRegions = (
				en,
			);
			mainGroup = BECE5E422237CB7600A82B0D;
			productRefGroup = BECE5E4D2237CB7600A82B0D /* Products */;
			projectDirPath = "";
			projectRoot = "";
			targets = (
				BECE5E4B2237CB7600A82B0D /* Pipelines */,
				BECE5E542237CB7600A82B0D /* PipelinesTests */,
			);
		};
/* End PBXProject section */

/* Begin PBXResourcesBuildPhase section */
		BECE5E4A2237CB7600A82B0D /* Resources */ = {
			isa = PBXResourcesBuildPhase;
			buildActionMask = 2147483647;
			files = (
			);
			runOnlyForDeploymentPostprocessing = 0;
		};
		BECE5E532237CB7600A82B0D /* Resources */ = {
			isa = PBXResourcesBuildPhase;
			buildActionMask = 2147483647;
			files = (
			);
			runOnlyForDeploymentPostprocessing = 0;
		};
/* End PBXResourcesBuildPhase section */

/* Begin PBXSourcesBuildPhase section */
		BECE5E482237CB7600A82B0D /* Sources */ = {
			isa = PBXSourcesBuildPhase;
			buildActionMask = 2147483647;
			files = (
				BECE5E672237CCEB00A82B0D /* Command.swift in Sources */,
				BECE5E692237CD1200A82B0D /* Pipeline.swift in Sources */,
			);
			runOnlyForDeploymentPostprocessing = 0;
		};
		BECE5E512237CB7600A82B0D /* Sources */ = {
			isa = PBXSourcesBuildPhase;
			buildActionMask = 2147483647;
			files = (
				BECE5E5B2237CB7600A82B0D /* PipelinesTests.swift in Sources */,
			);
			runOnlyForDeploymentPostprocessing = 0;
		};
/* End PBXSourcesBuildPhase section */

/* Begin PBXTargetDependency section */
		BECE5E582237CB7600A82B0D /* PBXTargetDependency */ = {
			isa = PBXTargetDependency;
			target = BECE5E4B2237CB7600A82B0D /* Pipelines */;
			targetProxy = BECE5E572237CB7600A82B0D /* PBXContainerItemProxy */;
		};
/* End PBXTargetDependency section */

/* Begin XCBuildConfiguration section */
		BECE5E5E2237CB7600A82B0D /* Debug */ = {
			isa = XCBuildConfiguration;
			buildSettings = {
				ALWAYS_SEARCH_USER_PATHS = NO;
				CLANG_ANALYZER_NONNULL = YES;
				CLANG_ANALYZER_NUMBER_OBJECT_CONVERSION = YES_AGGRESSIVE;
				CLANG_CXX_LANGUAGE_STANDARD = "gnu++14";
				CLANG_CXX_LIBRARY = "libc++";
				CLANG_ENABLE_MODULES = YES;
				CLANG_ENABLE_OBJC_ARC = YES;
				CLANG_ENABLE_OBJC_WEAK = YES;
				CLANG_WARN_BLOCK_CAPTURE_AUTORELEASING = YES;
				CLANG_WARN_BOOL_CONVERSION = YES;
				CLANG_WARN_COMMA = YES;
				CLANG_WARN_CONSTANT_CONVERSION = YES;
				CLANG_WARN_DEPRECATED_OBJC_IMPLEMENTATIONS = YES;
				CLANG_WARN_DIRECT_OBJC_ISA_USAGE = YES_ERROR;
				CLANG_WARN_DOCUMENTATION_COMMENTS = YES;
				CLANG_WARN_EMPTY_BODY = YES;
				CLANG_WARN_ENUM_CONVERSION = YES;
				CLANG_WARN_INFINITE_RECURSION = YES;
				CLANG_WARN_INT_CONVERSION = YES;
				CLANG_WARN_NON_LITERAL_NULL_CONVERSION = YES;
				CLANG_WARN_OBJC_IMPLICIT_RETAIN_SELF = YES;
				CLANG_WARN_OBJC_LITERAL_CONVERSION = YES;
				CLANG_WARN_OBJC_ROOT_CLASS = YES_ERROR;
				CLANG_WARN_RANGE_LOOP_ANALYSIS = YES;
				CLANG_WARN_STRICT_PROTOTYPES = YES;
				CLANG_WARN_SUSPICIOUS_MOVE = YES;
				CLANG_WARN_UNGUARDED_AVAILABILITY = YES_AGGRESSIVE;
				CLANG_WARN_UNREACHABLE_CODE = YES;
				CLANG_WARN__DUPLICATE_METHOD_MATCH = YES;
				CODE_SIGN_IDENTITY = "-";
				COPY_PHASE_STRIP = NO;
				CURRENT_PROJECT_VERSION = 1;
				DEBUG_INFORMATION_FORMAT = dwarf;
				ENABLE_STRICT_OBJC_MSGSEND = YES;
				ENABLE_TESTABILITY = YES;
				GCC_C_LANGUAGE_STANDARD = gnu11;
				GCC_DYNAMIC_NO_PIC = NO;
				GCC_NO_COMMON_BLOCKS = YES;
				GCC_OPTIMIZATION_LEVEL = 0;
				GCC_PREPROCESSOR_DEFINITIONS = (
					"DEBUG=1",
					"$(inherited)",
				);
				GCC_WARN_64_TO_32_BIT_CONVERSION = YES;
				GCC_WARN_ABOUT_RETURN_TYPE = YES_ERROR;
				GCC_WARN_UNDECLARED_SELECTOR = YES;
				GCC_WARN_UNINITIALIZED_AUTOS = YES_AGGRESSIVE;
				GCC_WARN_UNUSED_FUNCTION = YES;
				GCC_WARN_UNUSED_VARIABLE = YES;
				MACOSX_DEPLOYMENT_TARGET = 10.14;
				MTL_ENABLE_DEBUG_INFO = INCLUDE_SOURCE;
				MTL_FAST_MATH = YES;
				ONLY_ACTIVE_ARCH = YES;
				SDKROOT = macosx;
				SWIFT_ACTIVE_COMPILATION_CONDITIONS = DEBUG;
				SWIFT_OPTIMIZATION_LEVEL = "-Onone";
				VERSIONING_SYSTEM = "apple-generic";
				VERSION_INFO_PREFIX = "";
			};
			name = Debug;
		};
		BECE5E5F2237CB7600A82B0D /* Release */ = {
			isa = XCBuildConfiguration;
			buildSettings = {
				ALWAYS_SEARCH_USER_PATHS = NO;
				CLANG_ANALYZER_NONNULL = YES;
				CLANG_ANALYZER_NUMBER_OBJECT_CONVERSION = YES_AGGRESSIVE;
				CLANG_CXX_LANGUAGE_STANDARD = "gnu++14";
				CLANG_CXX_LIBRARY = "libc++";
				CLANG_ENABLE_MODULES = YES;
				CLANG_ENABLE_OBJC_ARC = YES;
				CLANG_ENABLE_OBJC_WEAK = YES;
				CLANG_WARN_BLOCK_CAPTURE_AUTORELEASING = YES;
				CLANG_WARN_BOOL_CONVERSION = YES;
				CLANG_WARN_COMMA = YES;
				CLANG_WARN_CONSTANT_CONVERSION = YES;
				CLANG_WARN_DEPRECATED_OBJC_IMPLEMENTATIONS = YES;
				CLANG_WARN_DIRECT_OBJC_ISA_USAGE = YES_ERROR;
				CLANG_WARN_DOCUMENTATION_COMMENTS = YES;
				CLANG_WARN_EMPTY_BODY = YES;
				CLANG_WARN_ENUM_CONVERSION = YES;
				CLANG_WARN_INFINITE_RECURSION = YES;
				CLANG_WARN_INT_CONVERSION = YES;
				CLANG_WARN_NON_LITERAL_NULL_CONVERSION = YES;
				CLANG_WARN_OBJC_IMPLICIT_RETAIN_SELF = YES;
				CLANG_WARN_OBJC_LITERAL_CONVERSION = YES;
				CLANG_WARN_OBJC_ROOT_CLASS = YES_ERROR;
				CLANG_WARN_RANGE_LOOP_ANALYSIS = YES;
				CLANG_WARN_STRICT_PROTOTYPES = YES;
				CLANG_WARN_SUSPICIOUS_MOVE = YES;
				CLANG_WARN_UNGUARDED_AVAILABILITY = YES_AGGRESSIVE;
				CLANG_WARN_UNREACHABLE_CODE = YES;
				CLANG_WARN__DUPLICATE_METHOD_MATCH = YES;
				CODE_SIGN_IDENTITY = "-";
				COPY_PHASE_STRIP = NO;
				CURRENT_PROJECT_VERSION = 1;
				DEBUG_INFORMATION_FORMAT = "dwarf-with-dsym";
				ENABLE_NS_ASSERTIONS = NO;
				ENABLE_STRICT_OBJC_MSGSEND = YES;
				GCC_C_LANGUAGE_STANDARD = gnu11;
				GCC_NO_COMMON_BLOCKS = YES;
				GCC_WARN_64_TO_32_BIT_CONVERSION = YES;
				GCC_WARN_ABOUT_RETURN_TYPE = YES_ERROR;
				GCC_WARN_UNDECLARED_SELECTOR = YES;
				GCC_WARN_UNINITIALIZED_AUTOS = YES_AGGRESSIVE;
				GCC_WARN_UNUSED_FUNCTION = YES;
				GCC_WARN_UNUSED_VARIABLE = YES;
				MACOSX_DEPLOYMENT_TARGET = 10.14;
				MTL_ENABLE_DEBUG_INFO = NO;
				MTL_FAST_MATH = YES;
				SDKROOT = macosx;
				SWIFT_COMPILATION_MODE = wholemodule;
				SWIFT_OPTIMIZATION_LEVEL = "-O";
				VERSIONING_SYSTEM = "apple-generic";
				VERSION_INFO_PREFIX = "";
			};
			name = Release;
		};
		BECE5E612237CB7600A82B0D /* Debug */ = {
			isa = XCBuildConfiguration;
			buildSettings = {
				CLANG_ENABLE_MODULES = YES;
				CODE_SIGN_IDENTITY = "";
				CODE_SIGN_STYLE = Automatic;
				COMBINE_HIDPI_IMAGES = YES;
				DEFINES_MODULE = YES;
				DYLIB_COMPATIBILITY_VERSION = 1;
				DYLIB_CURRENT_VERSION = 1;
				DYLIB_INSTALL_NAME_BASE = "@rpath";
				FRAMEWORK_VERSION = A;
				INFOPLIST_FILE = Source/Info.plist;
				INSTALL_PATH = "$(LOCAL_LIBRARY_DIR)/Frameworks";
				LD_RUNPATH_SEARCH_PATHS = (
					"$(inherited)",
					"@executable_path/../Frameworks",
					"@loader_path/Frameworks",
				);
				PRODUCT_BUNDLE_IDENTIFIER = com.diephouse.matt.Pipelines;
				PRODUCT_NAME = "$(TARGET_NAME:c99extidentifier)";
				SKIP_INSTALL = YES;
				SWIFT_OPTIMIZATION_LEVEL = "-Onone";
				SWIFT_VERSION = 5.0;
			};
			name = Debug;
		};
		BECE5E622237CB7600A82B0D /* Release */ = {
			isa = XCBuildConfiguration;
			buildSettings = {
				CLANG_ENABLE_MODULES = YES;
				CODE_SIGN_IDENTITY = "";
				CODE_SIGN_STYLE = Automatic;
				COMBINE_HIDPI_IMAGES = YES;
				DEFINES_MODULE = YES;
				DYLIB_COMPATIBILITY_VERSION = 1;
				DYLIB_CURRENT_VERSION = 1;
				DYLIB_INSTALL_NAME_BASE = "@rpath";
				FRAMEWORK_VERSION = A;
				INFOPLIST_FILE = Source/Info.plist;
				INSTALL_PATH = "$(LOCAL_LIBRARY_DIR)/Frameworks";
				LD_RUNPATH_SEARCH_PATHS = (
					"$(inherited)",
					"@executable_path/../Frameworks",
					"@loader_path/Frameworks",
				);
				PRODUCT_BUNDLE_IDENTIFIER = com.diephouse.matt.Pipelines;
				PRODUCT_NAME = "$(TARGET_NAME:c99extidentifier)";
				SKIP_INSTALL = YES;
				SWIFT_VERSION = 5.0;
			};
			name = Release;
		};
		BECE5E642237CB7600A82B0D /* Debug */ = {
			isa = XCBuildConfiguration;
			buildSettings = {
				ALWAYS_EMBED_SWIFT_STANDARD_LIBRARIES = YES;
				CODE_SIGN_STYLE = Automatic;
				COMBINE_HIDPI_IMAGES = YES;
				INFOPLIST_FILE = Tests/Info.plist;
				LD_RUNPATH_SEARCH_PATHS = (
					"$(inherited)",
					"@executable_path/../Frameworks",
					"@loader_path/../Frameworks",
				);
				PRODUCT_BUNDLE_IDENTIFIER = com.diephouse.matt.PipelinesTests;
				PRODUCT_NAME = "$(TARGET_NAME)";
				SWIFT_VERSION = 5.0;
			};
			name = Debug;
		};
		BECE5E652237CB7600A82B0D /* Release */ = {
			isa = XCBuildConfiguration;
			buildSettings = {
				ALWAYS_EMBED_SWIFT_STANDARD_LIBRARIES = YES;
				CODE_SIGN_STYLE = Automatic;
				COMBINE_HIDPI_IMAGES = YES;
				INFOPLIST_FILE = Tests/Info.plist;
				LD_RUNPATH_SEARCH_PATHS = (
					"$(inherited)",
					"@executable_path/../Frameworks",
					"@loader_path/../Frameworks",
				);
				PRODUCT_BUNDLE_IDENTIFIER = com.diephouse.matt.PipelinesTests;
				PRODUCT_NAME = "$(TARGET_NAME)";
				SWIFT_VERSION = 5.0;
			};
			name = Release;
		};
/* End XCBuildConfiguration section */

/* Begin XCConfigurationList section */
		BECE5E462237CB7600A82B0D /* Build configuration list for PBXProject "Pipelines" */ = {
			isa = XCConfigurationList;
			buildConfigurations = (
				BECE5E5E2237CB7600A82B0D /* Debug */,
				BECE5E5F2237CB7600A82B0D /* Release */,
			);
			defaultConfigurationIsVisible = 0;
			defaultConfigurationName = Release;
		};
		BECE5E602237CB7600A82B0D /* Build configuration list for PBXNativeTarget "Pipelines" */ = {
			isa = XCConfigurationList;
			buildConfigurations = (
				BECE5E612237CB7600A82B0D /* Debug */,
				BECE5E622237CB7600A82B0D /* Release */,
			);
			defaultConfigurationIsVisible = 0;
			defaultConfigurationName = Release;
		};
		BECE5E632237CB7600A82B0D /* Build configuration list for PBXNativeTarget "PipelinesTests" */ = {
			isa = XCConfigurationList;
			buildConfigurations = (
				BECE5E642237CB7600A82B0D /* Debug */,
				BECE5E652237CB7600A82B0D /* Release */,
			);
			defaultConfigurationIsVisible = 0;
			defaultConfigurationName = Release;
		};
/* End XCConfigurationList section */
	};
	rootObject = BECE5E432237CB7600A82B0D /* Project object */;
}
